
Microsoft Visual Studio Solution File, Format Version 12.00
# Visual Studio Version 17
VisualStudioVersion = 17.7.34018.315
MinimumVisualStudioVersion = 10.0.40219.1
Project("{FAE04EC0-301F-11D3-BF4B-00C04F79EFBC}") = "Problem_01", "LAB ASSIGNMENT 01\Problem_01.csproj", "{CF772E52-8AC9-4273-96AD-90AB38BE7A58}"
EndProject
Project("{FAE04EC0-301F-11D3-BF4B-00C04F79EFBC}") = "Problem_02", "Problem_02\Problem_02.csproj", "{C0527EEB-60CC-4836-8046-B018315A4F3C}"
EndProject
Project("{FAE04EC0-301F-11D3-BF4B-00C04F79EFBC}") = "Problem_03", "Problem_03\Problem_03.csproj", "{90E26B8E-FFB3-4A23-9BC1-9A2A53C3F8E9}"
EndProject
Global
	GlobalSection(SolutionConfigurationPlatforms) = preSolution
		Debug|Any CPU = Debug|Any CPU
		Release|Any CPU = Release|Any CPU
	EndGlobalSection
	GlobalSection(ProjectConfigurationPlatforms) = postSolution
		{CF772E52-8AC9-4273-96AD-90AB38BE7A58}.Debug|Any CPU.ActiveCfg = Debug|Any CPU
		{CF772E52-8AC9-4273-96AD-90AB38BE7A58}.Debug|Any CPU.Build.0 = Debug|Any CPU
		{CF772E52-8AC9-4273-96AD-90AB38BE7A58}.Release|Any CPU.ActiveCfg = Release|Any CPU
		{CF772E52-8AC9-4273-96AD-90AB38BE7A58}.Release|Any CPU.Build.0 = Release|Any CPU
		{C0527EEB-60CC-4836-8046-B018315A4F3C}.Debug|Any CPU.ActiveCfg = Debug|Any CPU
		{C0527EEB-60CC-4836-8046-B018315A4F3C}.Debug|Any CPU.Build.0 = Debug|Any CPU
		{C0527EEB-60CC-4836-8046-B018315A4F3C}.Release|Any CPU.ActiveCfg = Release|Any CPU
		{C0527EEB-60CC-4836-8046-B018315A4F3C}.Release|Any CPU.Build.0 = Release|Any CPU
		{90E26B8E-FFB3-4A23-9BC1-9A2A53C3F8E9}.Debug|Any CPU.ActiveCfg = Debug|Any CPU
		{90E26B8E-FFB3-4A23-9BC1-9A2A53C3F8E9}.Debug|Any CPU.Build.0 = Debug|Any CPU
		{90E26B8E-FFB3-4A23-9BC1-9A2A53C3F8E9}.Release|Any CPU.ActiveCfg = Release|Any CPU
		{90E26B8E-FFB3-4A23-9BC1-9A2A53C3F8E9}.Release|Any CPU.Build.0 = Release|Any CPU
	EndGlobalSection
	GlobalSection(SolutionProperties) = preSolution
		HideSolutionNode = FALSE
	EndGlobalSection
	GlobalSection(ExtensibilityGlobals) = postSolution
		SolutionGuid = {F87F5535-8680-44CF-AEB2-3948A3E15C75}
	EndGlobalSection
EndGlobal
